
Microsoft Visual Studio Solution File, Format Version 12.00
# Visual Studio Version 16
VisualStudioVersion = 16.0.32002.261
MinimumVisualStudioVersion = 10.0.40219.1
Project("{FAE04EC0-301F-11D3-BF4B-00C04F79EFBC}") = "ITMO.ADO.NET-Practice01-02-DBConnection", "ITMO.ADO.NET-Practice\ITMO.ADO.NET-Practice01-02-DBConnection.csproj", "{03E4A2D7-A255-4CB8-9C6A-1F7017D45256}"
EndProject
Project("{FAE04EC0-301F-11D3-BF4B-00C04F79EFBC}") = "ITMO.ADO.NET-Practice03-DBCommand", "ITMO.ADO.NET-Practice03-DBCommand\ITMO.ADO.NET-Practice03-DBCommand.csproj", "{67787816-627A-464F-8A69-50A069025993}"
EndProject
Project("{FAE04EC0-301F-11D3-BF4B-00C04F79EFBC}") = "ITMO.ADO.NET-Practice04.DatasetDesigner", "ITMO.ADO.NET-Practice04.DatasetDesigner\ITMO.ADO.NET-Practice04.DatasetDesigner.csproj", "{ACB5044F-0DE7-49AC-AC06-8774952BC574}"
EndProject
Project("{FAE04EC0-301F-11D3-BF4B-00C04F79EFBC}") = "ITMO.ADO.NET-Practice04-CreatingDataTable", "ITMO.ADO.NET-Practice04-CreatingDataTable\ITMO.ADO.NET-Practice04-CreatingDataTable.csproj", "{9AE4FE9D-E778-42D9-A928-B97F324DDD0D}"
EndProject
Project("{FAE04EC0-301F-11D3-BF4B-00C04F79EFBC}") = "ITMO.ADO.NET-Practice04-DataAdapterProgram", "ITMO.ADO.NET-Practice04-DataAdapterProgram\ITMO.ADO.NET-Practice04-DataAdapterProgram.csproj", "{4AF4371F-166E-4BBC-B8DB-7EDBA6843E9C}"
EndProject
Project("{FAE04EC0-301F-11D3-BF4B-00C04F79EFBC}") = "ITMO.ADO.NET-Practice-04-DataAdapterWizard", "ITMO.ADO.NET-Practice-04-DataAdapterWizard\ITMO.ADO.NET-Practice-04-DataAdapterWizard.csproj", "{65FB3B47-90E2-44CA-8D43-BF1ACECA860C}"
EndProject
Project("{FAE04EC0-301F-11D3-BF4B-00C04F79EFBC}") = "ITMO.ADO.NET-Practice04-WorkingDataTable", "ITMO.ADO.NET-Practice04-WorkingDataTable\ITMO.ADO.NET-Practice04-WorkingDataTable.csproj", "{91C5C969-76AE-4C97-AD1B-5DF9535F1CB4}"
EndProject
Project("{FAE04EC0-301F-11D3-BF4B-00C04F79EFBC}") = "ITMO.ADO.NET-Practice04-DataViewExample", "ITMO.ADO.NET-Practice04-DataViewExample\ITMO.ADO.NET-Practice04-DataViewExample.csproj", "{C0566CCD-4D31-4BED-A58D-74EECA9BD977}"
EndProject
Project("{FAE04EC0-301F-11D3-BF4B-00C04F79EFBC}") = "ITMO.ADO.NET-Practice-5.1-DataSourcesWizard", "ITMO.ADO.NET-Practice-5.1-DataSourcesWizard\ITMO.ADO.NET-Practice-5.1-DataSourcesWizard.csproj", "{1FC49BC6-460E-46A3-B3D4-550E97E4A26A}"
EndProject
Project("{FAE04EC0-301F-11D3-BF4B-00C04F79EFBC}") = "ITMO.ADO.NET-Practice-5.2-DataBindingSimple", "ITMO.ADO.NET-Practice-5.2-DataBindingSimple\ITMO.ADO.NET-Practice-5.2-DataBindingSimple.csproj", "{7FA0C89C-C959-4CCD-892F-5E25BEE405EB}"
EndProject
Project("{FAE04EC0-301F-11D3-BF4B-00C04F79EFBC}") = "ITMO.ADO.NET-Practice-5.3-DataBindingComplex", "ITMO.ADO.NET-Practice-5.3-DataBindingComplex\ITMO.ADO.NET-Practice-5.3-DataBindingComplex.csproj", "{4AC03F5B-572B-411D-A68A-EEB9BBA49430}"
EndProject
Project("{FAE04EC0-301F-11D3-BF4B-00C04F79EFBC}") = "ITMO.ADO.NET-Practice-5.4-DataGridViewExample", "ITMO.ADO.NET-Practice-5.4-DataGridViewExample\ITMO.ADO.NET-Practice-5.4-DataGridViewExample.csproj", "{F28298F4-A154-4640-9F34-B2A0B7A8B60C}"
EndProject
Project("{FAE04EC0-301F-11D3-BF4B-00C04F79EFBC}") = "ITMO.ADO.NET-Practice-6.1-SavingDataSetXml", "ITMO.ADO.NET-Practice-6.1-SavingDataSetXml\ITMO.ADO.NET-Practice-6.1-SavingDataSetXml.csproj", "{546DBC46-942E-4783-BF79-52326CA304DA}"
EndProject
Project("{FAE04EC0-301F-11D3-BF4B-00C04F79EFBC}") = "ITMO.ADO.NET-Practice-6.2-LoadDataSetXml", "ITMO.ADO.NET-Practice-6.2-LoadDataSetXml\ITMO.ADO.NET-Practice-6.2-LoadDataSetXml.csproj", "{EF670241-1E95-4983-B150-BDD87B16BAAA}"
EndProject
Global
	GlobalSection(SolutionConfigurationPlatforms) = preSolution
		Debug|Any CPU = Debug|Any CPU
		Release|Any CPU = Release|Any CPU
	EndGlobalSection
	GlobalSection(ProjectConfigurationPlatforms) = postSolution
		{03E4A2D7-A255-4CB8-9C6A-1F7017D45256}.Debug|Any CPU.ActiveCfg = Debug|Any CPU
		{03E4A2D7-A255-4CB8-9C6A-1F7017D45256}.Debug|Any CPU.Build.0 = Debug|Any CPU
		{03E4A2D7-A255-4CB8-9C6A-1F7017D45256}.Release|Any CPU.ActiveCfg = Release|Any CPU
		{03E4A2D7-A255-4CB8-9C6A-1F7017D45256}.Release|Any CPU.Build.0 = Release|Any CPU
		{67787816-627A-464F-8A69-50A069025993}.Debug|Any CPU.ActiveCfg = Debug|Any CPU
		{67787816-627A-464F-8A69-50A069025993}.Debug|Any CPU.Build.0 = Debug|Any CPU
		{67787816-627A-464F-8A69-50A069025993}.Release|Any CPU.ActiveCfg = Release|Any CPU
		{67787816-627A-464F-8A69-50A069025993}.Release|Any CPU.Build.0 = Release|Any CPU
		{ACB5044F-0DE7-49AC-AC06-8774952BC574}.Debug|Any CPU.ActiveCfg = Debug|Any CPU
		{ACB5044F-0DE7-49AC-AC06-8774952BC574}.Debug|Any CPU.Build.0 = Debug|Any CPU
		{ACB5044F-0DE7-49AC-AC06-8774952BC574}.Release|Any CPU.ActiveCfg = Release|Any CPU
		{ACB5044F-0DE7-49AC-AC06-8774952BC574}.Release|Any CPU.Build.0 = Release|Any CPU
		{9AE4FE9D-E778-42D9-A928-B97F324DDD0D}.Debug|Any CPU.ActiveCfg = Debug|Any CPU
		{9AE4FE9D-E778-42D9-A928-B97F324DDD0D}.Debug|Any CPU.Build.0 = Debug|Any CPU
		{9AE4FE9D-E778-42D9-A928-B97F324DDD0D}.Release|Any CPU.ActiveCfg = Release|Any CPU
		{9AE4FE9D-E778-42D9-A928-B97F324DDD0D}.Release|Any CPU.Build.0 = Release|Any CPU
		{4AF4371F-166E-4BBC-B8DB-7EDBA6843E9C}.Debug|Any CPU.ActiveCfg = Debug|Any CPU
		{4AF4371F-166E-4BBC-B8DB-7EDBA6843E9C}.Debug|Any CPU.Build.0 = Debug|Any CPU
		{4AF4371F-166E-4BBC-B8DB-7EDBA6843E9C}.Release|Any CPU.ActiveCfg = Release|Any CPU
		{4AF4371F-166E-4BBC-B8DB-7EDBA6843E9C}.Release|Any CPU.Build.0 = Release|Any CPU
		{65FB3B47-90E2-44CA-8D43-BF1ACECA860C}.Debug|Any CPU.ActiveCfg = Debug|Any CPU
		{65FB3B47-90E2-44CA-8D43-BF1ACECA860C}.Debug|Any CPU.Build.0 = Debug|Any CPU
		{65FB3B47-90E2-44CA-8D43-BF1ACECA860C}.Release|Any CPU.ActiveCfg = Release|Any CPU
		{65FB3B47-90E2-44CA-8D43-BF1ACECA860C}.Release|Any CPU.Build.0 = Release|Any CPU
		{91C5C969-76AE-4C97-AD1B-5DF9535F1CB4}.Debug|Any CPU.ActiveCfg = Debug|Any CPU
		{91C5C969-76AE-4C97-AD1B-5DF9535F1CB4}.Debug|Any CPU.Build.0 = Debug|Any CPU
		{91C5C969-76AE-4C97-AD1B-5DF9535F1CB4}.Release|Any CPU.ActiveCfg = Release|Any CPU
		{91C5C969-76AE-4C97-AD1B-5DF9535F1CB4}.Release|Any CPU.Build.0 = Release|Any CPU
		{C0566CCD-4D31-4BED-A58D-74EECA9BD977}.Debug|Any CPU.ActiveCfg = Debug|Any CPU
		{C0566CCD-4D31-4BED-A58D-74EECA9BD977}.Debug|Any CPU.Build.0 = Debug|Any CPU
		{C0566CCD-4D31-4BED-A58D-74EECA9BD977}.Release|Any CPU.ActiveCfg = Release|Any CPU
		{C0566CCD-4D31-4BED-A58D-74EECA9BD977}.Release|Any CPU.Build.0 = Release|Any CPU
		{1FC49BC6-460E-46A3-B3D4-550E97E4A26A}.Debug|Any CPU.ActiveCfg = Debug|Any CPU
		{1FC49BC6-460E-46A3-B3D4-550E97E4A26A}.Debug|Any CPU.Build.0 = Debug|Any CPU
		{1FC49BC6-460E-46A3-B3D4-550E97E4A26A}.Release|Any CPU.ActiveCfg = Release|Any CPU
		{1FC49BC6-460E-46A3-B3D4-550E97E4A26A}.Release|Any CPU.Build.0 = Release|Any CPU
		{7FA0C89C-C959-4CCD-892F-5E25BEE405EB}.Debug|Any CPU.ActiveCfg = Debug|Any CPU
		{7FA0C89C-C959-4CCD-892F-5E25BEE405EB}.Debug|Any CPU.Build.0 = Debug|Any CPU
		{7FA0C89C-C959-4CCD-892F-5E25BEE405EB}.Release|Any CPU.ActiveCfg = Release|Any CPU
		{7FA0C89C-C959-4CCD-892F-5E25BEE405EB}.Release|Any CPU.Build.0 = Release|Any CPU
		{4AC03F5B-572B-411D-A68A-EEB9BBA49430}.Debug|Any CPU.ActiveCfg = Debug|Any CPU
		{4AC03F5B-572B-411D-A68A-EEB9BBA49430}.Debug|Any CPU.Build.0 = Debug|Any CPU
		{4AC03F5B-572B-411D-A68A-EEB9BBA49430}.Release|Any CPU.ActiveCfg = Release|Any CPU
		{4AC03F5B-572B-411D-A68A-EEB9BBA49430}.Release|Any CPU.Build.0 = Release|Any CPU
		{F28298F4-A154-4640-9F34-B2A0B7A8B60C}.Debug|Any CPU.ActiveCfg = Debug|Any CPU
		{F28298F4-A154-4640-9F34-B2A0B7A8B60C}.Debug|Any CPU.Build.0 = Debug|Any CPU
		{F28298F4-A154-4640-9F34-B2A0B7A8B60C}.Release|Any CPU.ActiveCfg = Release|Any CPU
		{F28298F4-A154-4640-9F34-B2A0B7A8B60C}.Release|Any CPU.Build.0 = Release|Any CPU
		{546DBC46-942E-4783-BF79-52326CA304DA}.Debug|Any CPU.ActiveCfg = Debug|Any CPU
		{546DBC46-942E-4783-BF79-52326CA304DA}.Debug|Any CPU.Build.0 = Debug|Any CPU
		{546DBC46-942E-4783-BF79-52326CA304DA}.Release|Any CPU.ActiveCfg = Release|Any CPU
		{546DBC46-942E-4783-BF79-52326CA304DA}.Release|Any CPU.Build.0 = Release|Any CPU
		{EF670241-1E95-4983-B150-BDD87B16BAAA}.Debug|Any CPU.ActiveCfg = Debug|Any CPU
		{EF670241-1E95-4983-B150-BDD87B16BAAA}.Debug|Any CPU.Build.0 = Debug|Any CPU
		{EF670241-1E95-4983-B150-BDD87B16BAAA}.Release|Any CPU.ActiveCfg = Release|Any CPU
		{EF670241-1E95-4983-B150-BDD87B16BAAA}.Release|Any CPU.Build.0 = Release|Any CPU
	EndGlobalSection
	GlobalSection(SolutionProperties) = preSolution
		HideSolutionNode = FALSE
	EndGlobalSection
	GlobalSection(ExtensibilityGlobals) = postSolution
		SolutionGuid = {959E4FAF-F533-4B37-BDB2-5A43E7389800}
	EndGlobalSection
EndGlobal
